
Microsoft Visual Studio Solution File, Format Version 12.00
# Visual Studio Version 17
VisualStudioVersion = 17.11.35303.130
MinimumVisualStudioVersion = 10.0.40219.1
Project("{FAE04EC0-301F-11D3-BF4B-00C04F79EFBC}") = "MyFirstWebApplications", "MyFirstWebApplications\MyFirstWebApplications.csproj", "{53B6E8EC-1329-493B-8AEF-C812BFC5D524}"
EndProject
Global
	GlobalSection(SolutionConfigurationPlatforms) = preSolution
		Debug|Any CPU = Debug|Any CPU
		Release|Any CPU = Release|Any CPU
	EndGlobalSection
	GlobalSection(ProjectConfigurationPlatforms) = postSolution
		{53B6E8EC-1329-493B-8AEF-C812BFC5D524}.Debug|Any CPU.ActiveCfg = Debug|Any CPU
		{53B6E8EC-1329-493B-8AEF-C812BFC5D524}.Debug|Any CPU.Build.0 = Debug|Any CPU
		{53B6E8EC-1329-493B-8AEF-C812BFC5D524}.Release|Any CPU.ActiveCfg = Release|Any CPU
		{53B6E8EC-1329-493B-8AEF-C812BFC5D524}.Release|Any CPU.Build.0 = Release|Any CPU
	EndGlobalSection
	GlobalSection(SolutionProperties) = preSolution
		HideSolutionNode = FALSE
	EndGlobalSection
	GlobalSection(ExtensibilityGlobals) = postSolution
		SolutionGuid = {3C433449-D78D-4214-AE2F-02757ECA4E5D}
	EndGlobalSection
EndGlobal
